// !$*UTF8*$!
{
	archiveVersion = 1;
	classes = {
	};
	objectVersion = 46;
	objects = {

/* Begin PBXBuildFile section */
		2CA886E41CC47C5E0027A895 /* AppDelegate.swift in Sources */ = {isa = PBXBuildFile; fileRef = 2CA886E31CC47C5E0027A895 /* AppDelegate.swift */; };
		2CA886E61CC47C5E0027A895 /* ViewController.swift in Sources */ = {isa = PBXBuildFile; fileRef = 2CA886E51CC47C5E0027A895 /* ViewController.swift */; };
		2CA886E91CC47C5E0027A895 /* Main.storyboard in Resources */ = {isa = PBXBuildFile; fileRef = 2CA886E71CC47C5E0027A895 /* Main.storyboard */; };
		2CA886EB1CC47C5E0027A895 /* Assets.xcassets in Resources */ = {isa = PBXBuildFile; fileRef = 2CA886EA1CC47C5E0027A895 /* Assets.xcassets */; };
		2CA886EE1CC47C5E0027A895 /* LaunchScreen.storyboard in Resources */ = {isa = PBXBuildFile; fileRef = 2CA886EC1CC47C5E0027A895 /* LaunchScreen.storyboard */; };
		2CA886F91CC47C5E0027A895 /* MultithreadSampleTests.swift in Sources */ = {isa = PBXBuildFile; fileRef = 2CA886F81CC47C5E0027A895 /* MultithreadSampleTests.swift */; };
		2CA887041CC47C5E0027A895 /* MultithreadSampleUITests.swift in Sources */ = {isa = PBXBuildFile; fileRef = 2CA887031CC47C5E0027A895 /* MultithreadSampleUITests.swift */; };
/* End PBXBuildFile section */

/* Begin PBXContainerItemProxy section */
		2CA886F51CC47C5E0027A895 /* PBXContainerItemProxy */ = {
			isa = PBXContainerItemProxy;
			containerPortal = 2CA886D81CC47C5E0027A895 /* Project object */;
			proxyType = 1;
			remoteGlobalIDString = 2CA886DF1CC47C5E0027A895;
			remoteInfo = MultithreadSample;
		};
		2CA887001CC47C5E0027A895 /* PBXContainerItemProxy */ = {
			isa = PBXContainerItemProxy;
			containerPortal = 2CA886D81CC47C5E0027A895 /* Project object */;
			proxyType = 1;
			remoteGlobalIDString = 2CA886DF1CC47C5E0027A895;
			remoteInfo = MultithreadSample;
		};
/* End PBXContainerItemProxy section */

/* Begin PBXFileReference section */
		2CA886E01CC47C5E0027A895 /* MultithreadSample.app */ = {isa = PBXFileReference; explicitFileType = wrapper.application; includeInIndex = 0; path = MultithreadSample.app; sourceTree = BUILT_PRODUCTS_DIR; };
		2CA886E31CC47C5E0027A895 /* AppDelegate.swift */ = {isa = PBXFileReference; lastKnownFileType = sourcecode.swift; path = AppDelegate.swift; sourceTree = "<group>"; };
		2CA886E51CC47C5E0027A895 /* ViewController.swift */ = {isa = PBXFileReference; lastKnownFileType = sourcecode.swift; path = ViewController.swift; sourceTree = "<group>"; };
		2CA886E81CC47C5E0027A895 /* Base */ = {isa = PBXFileReference; lastKnownFileType = file.storyboard; name = Base; path = Base.lproj/Main.storyboard; sourceTree = "<group>"; };
		2CA886EA1CC47C5E0027A895 /* Assets.xcassets */ = {isa = PBXFileReference; lastKnownFileType = folder.assetcatalog; path = Assets.xcassets; sourceTree = "<group>"; };
		2CA886ED1CC47C5E0027A895 /* Base */ = {isa = PBXFileReference; lastKnownFileType = file.storyboard; name = Base; path = Base.lproj/LaunchScreen.storyboard; sourceTree = "<group>"; };
		2CA886EF1CC47C5E0027A895 /* Info.plist */ = {isa = PBXFileReference; lastKnownFileType = text.plist.xml; path = Info.plist; sourceTree = "<group>"; };
		2CA886F41CC47C5E0027A895 /* MultithreadSampleTests.xctest */ = {isa = PBXFileReference; explicitFileType = wrapper.cfbundle; includeInIndex = 0; path = MultithreadSampleTests.xctest; sourceTree = BUILT_PRODUCTS_DIR; };
		2CA886F81CC47C5E0027A895 /* MultithreadSampleTests.swift */ = {isa = PBXFileReference; lastKnownFileType = sourcecode.swift; path = MultithreadSampleTests.swift; sourceTree = "<group>"; };
		2CA886FA1CC47C5E0027A895 /* Info.plist */ = {isa = PBXFileReference; lastKnownFileType = text.plist.xml; path = Info.plist; sourceTree = "<group>"; };
		2CA886FF1CC47C5E0027A895 /* MultithreadSampleUITests.xctest */ = {isa = PBXFileReference; explicitFileType = wrapper.cfbundle; includeInIndex = 0; path = MultithreadSampleUITests.xctest; sourceTree = BUILT_PRODUCTS_DIR; };
		2CA887031CC47C5E0027A895 /* MultithreadSampleUITests.swift */ = {isa = PBXFileReference; lastKnownFileType = sourcecode.swift; path = MultithreadSampleUITests.swift; sourceTree = "<group>"; };
		2CA887051CC47C5E0027A895 /* Info.plist */ = {isa = PBXFileReference; lastKnownFileType = text.plist.xml; path = Info.plist; sourceTree = "<group>"; };
/* End PBXFileReference section */

/* Begin PBXFrameworksBuildPhase section */
		2CA886DD1CC47C5E0027A895 /* Frameworks */ = {
			isa = PBXFrameworksBuildPhase;
			buildActionMask = 2147483647;
			files = (
			);
			runOnlyForDeploymentPostprocessing = 0;
		};
		2CA886F11CC47C5E0027A895 /* Frameworks */ = {
			isa = PBXFrameworksBuildPhase;
			buildActionMask = 2147483647;
			files = (
			);
			runOnlyForDeploymentPostprocessing = 0;
		};
		2CA886FC1CC47C5E0027A895 /* Frameworks */ = {
			isa = PBXFrameworksBuildPhase;
			buildActionMask = 2147483647;
			files = (
			);
			runOnlyForDeploymentPostprocessing = 0;
		};
/* End PBXFrameworksBuildPhase section */

/* Begin PBXGroup section */
		2CA886D71CC47C5E0027A895 = {
			isa = PBXGroup;
			children = (
				2CA886E21CC47C5E0027A895 /* MultithreadSample */,
				2CA886F71CC47C5E0027A895 /* MultithreadSampleTests */,
				2CA887021CC47C5E0027A895 /* MultithreadSampleUITests */,
				2CA886E11CC47C5E0027A895 /* Products */,
			);
			sourceTree = "<group>";
		};
		2CA886E11CC47C5E0027A895 /* Products */ = {
			isa = PBXGroup;
			children = (
				2CA886E01CC47C5E0027A895 /* MultithreadSample.app */,
				2CA886F41CC47C5E0027A895 /* MultithreadSampleTests.xctest */,
				2CA886FF1CC47C5E0027A895 /* MultithreadSampleUITests.xctest */,
			);
			name = Products;
			sourceTree = "<group>";
		};
		2CA886E21CC47C5E0027A895 /* MultithreadSample */ = {
			isa = PBXGroup;
			children = (
				2CA886E31CC47C5E0027A895 /* AppDelegate.swift */,
				2CA886E51CC47C5E0027A895 /* ViewController.swift */,
				2CA886E71CC47C5E0027A895 /* Main.storyboard */,
				2CA886EA1CC47C5E0027A895 /* Assets.xcassets */,
				2CA886EC1CC47C5E0027A895 /* LaunchScreen.storyboard */,
				2CA886EF1CC47C5E0027A895 /* Info.plist */,
			);
			path = MultithreadSample;
			sourceTree = "<group>";
		};
		2CA886F71CC47C5E0027A895 /* MultithreadSampleTests */ = {
			isa = PBXGroup;
			children = (
				2CA886F81CC47C5E0027A895 /* MultithreadSampleTests.swift */,
				2CA886FA1CC47C5E0027A895 /* Info.plist */,
			);
			path = MultithreadSampleTests;
			sourceTree = "<group>";
		};
		2CA887021CC47C5E0027A895 /* MultithreadSampleUITests */ = {
			isa = PBXGroup;
			children = (
				2CA887031CC47C5E0027A895 /* MultithreadSampleUITests.swift */,
				2CA887051CC47C5E0027A895 /* Info.plist */,
			);
			path = MultithreadSampleUITests;
			sourceTree = "<group>";
		};
/* End PBXGroup section */

/* Begin PBXNativeTarget section */
		2CA886DF1CC47C5E0027A895 /* MultithreadSample */ = {
			isa = PBXNativeTarget;
			buildConfigurationList = 2CA887081CC47C5E0027A895 /* Build configuration list for PBXNativeTarget "MultithreadSample" */;
			buildPhases = (
				2CA886DC1CC47C5E0027A895 /* Sources */,
				2CA886DD1CC47C5E0027A895 /* Frameworks */,
				2CA886DE1CC47C5E0027A895 /* Resources */,
			);
			buildRules = (
			);
			dependencies = (
			);
			name = MultithreadSample;
			productName = MultithreadSample;
			productReference = 2CA886E01CC47C5E0027A895 /* MultithreadSample.app */;
			productType = "com.apple.product-type.application";
		};
		2CA886F31CC47C5E0027A895 /* MultithreadSampleTests */ = {
			isa = PBXNativeTarget;
			buildConfigurationList = 2CA8870B1CC47C5E0027A895 /* Build configuration list for PBXNativeTarget "MultithreadSampleTests" */;
			buildPhases = (
				2CA886F01CC47C5E0027A895 /* Sources */,
				2CA886F11CC47C5E0027A895 /* Frameworks */,
				2CA886F21CC47C5E0027A895 /* Resources */,
			);
			buildRules = (
			);
			dependencies = (
				2CA886F61CC47C5E0027A895 /* PBXTargetDependency */,
			);
			name = MultithreadSampleTests;
			productName = MultithreadSampleTests;
			productReference = 2CA886F41CC47C5E0027A895 /* MultithreadSampleTests.xctest */;
			productType = "com.apple.product-type.bundle.unit-test";
		};
		2CA886FE1CC47C5E0027A895 /* MultithreadSampleUITests */ = {
			isa = PBXNativeTarget;
			buildConfigurationList = 2CA8870E1CC47C5E0027A895 /* Build configuration list for PBXNativeTarget "MultithreadSampleUITests" */;
			buildPhases = (
				2CA886FB1CC47C5E0027A895 /* Sources */,
				2CA886FC1CC47C5E0027A895 /* Frameworks */,
				2CA886FD1CC47C5E0027A895 /* Resources */,
			);
			buildRules = (
			);
			dependencies = (
				2CA887011CC47C5E0027A895 /* PBXTargetDependency */,
			);
			name = MultithreadSampleUITests;
			productName = MultithreadSampleUITests;
			productReference = 2CA886FF1CC47C5E0027A895 /* MultithreadSampleUITests.xctest */;
			productType = "com.apple.product-type.bundle.ui-testing";
		};
/* End PBXNativeTarget section */

/* Begin PBXProject section */
		2CA886D81CC47C5E0027A895 /* Project object */ = {
			isa = PBXProject;
			attributes = {
				LastSwiftUpdateCheck = 0730;
				LastUpgradeCheck = 0730;
				ORGANIZATIONNAME = Emiaostein;
				TargetAttributes = {
					2CA886DF1CC47C5E0027A895 = {
						CreatedOnToolsVersion = 7.3;
					};
					2CA886F31CC47C5E0027A895 = {
						CreatedOnToolsVersion = 7.3;
						TestTargetID = 2CA886DF1CC47C5E0027A895;
					};
					2CA886FE1CC47C5E0027A895 = {
						CreatedOnToolsVersion = 7.3;
						TestTargetID = 2CA886DF1CC47C5E0027A895;
					};
				};
			};
			buildConfigurationList = 2CA886DB1CC47C5E0027A895 /* Build configuration list for PBXProject "MultithreadSample" */;
			compatibilityVersion = "Xcode 3.2";
			developmentRegion = English;
			hasScannedForEncodings = 0;
			knownRegions = (
				en,
				Base,
			);
			mainGroup = 2CA886D71CC47C5E0027A895;
			productRefGroup = 2CA886E11CC47C5E0027A895 /* Products */;
			projectDirPath = "";
			projectRoot = "";
			targets = (
				2CA886DF1CC47C5E0027A895 /* MultithreadSample */,
				2CA886F31CC47C5E0027A895 /* MultithreadSampleTests */,
				2CA886FE1CC47C5E0027A895 /* MultithreadSampleUITests */,
			);
		};
/* End PBXProject section */

/* Begin PBXResourcesBuildPhase section */
		2CA886DE1CC47C5E0027A895 /* Resources */ = {
			isa = PBXResourcesBuildPhase;
			buildActionMask = 2147483647;
			files = (
				2CA886EE1CC47C5E0027A895 /* LaunchScreen.storyboard in Resources */,
				2CA886EB1CC47C5E0027A895 /* Assets.xcassets in Resources */,
				2CA886E91CC47C5E0027A895 /* Main.storyboard in Resources */,
			);
			runOnlyForDeploymentPostprocessing = 0;
		};
		2CA886F21CC47C5E0027A895 /* Resources */ = {
			isa = PBXResourcesBuildPhase;
			buildActionMask = 2147483647;
			files = (
			);
			runOnlyForDeploymentPostprocessing = 0;
		};
		2CA886FD1CC47C5E0027A895 /* Resources */ = {
			isa = PBXResourcesBuildPhase;
			buildActionMask = 2147483647;
			files = (
			);
			runOnlyForDeploymentPostprocessing = 0;
		};
/* End PBXResourcesBuildPhase section */

/* Begin PBXSourcesBuildPhase section */
		2CA886DC1CC47C5E0027A895 /* Sources */ = {
			isa = PBXSourcesBuildPhase;
			buildActionMask = 2147483647;
			files = (
				2CA886E61CC47C5E0027A895 /* ViewController.swift in Sources */,
				2CA886E41CC47C5E0027A895 /* AppDelegate.swift in Sources */,
			);
			runOnlyForDeploymentPostprocessing = 0;
		};
		2CA886F01CC47C5E0027A895 /* Sources */ = {
			isa = PBXSourcesBuildPhase;
			buildActionMask = 2147483647;
			files = (
				2CA886F91CC47C5E0027A895 /* MultithreadSampleTests.swift in Sources */,
			);
			runOnlyForDeploymentPostprocessing = 0;
		};
		2CA886FB1CC47C5E0027A895 /* Sources */ = {
			isa = PBXSourcesBuildPhase;
			buildActionMask = 2147483647;
			files = (
				2CA887041CC47C5E0027A895 /* MultithreadSampleUITests.swift in Sources */,
			);
			runOnlyForDeploymentPostprocessing = 0;
		};
/* End PBXSourcesBuildPhase section */

/* Begin PBXTargetDependency section */
		2CA886F61CC47C5E0027A895 /* PBXTargetDependency */ = {
			isa = PBXTargetDependency;
			target = 2CA886DF1CC47C5E0027A895 /* MultithreadSample */;
			targetProxy = 2CA886F51CC47C5E0027A895 /* PBXContainerItemProxy */;
		};
		2CA887011CC47C5E0027A895 /* PBXTargetDependency */ = {
			isa = PBXTargetDependency;
			target = 2CA886DF1CC47C5E0027A895 /* MultithreadSample */;
			targetProxy = 2CA887001CC47C5E0027A895 /* PBXContainerItemProxy */;
		};
/* End PBXTargetDependency section */

/* Begin PBXVariantGroup section */
		2CA886E71CC47C5E0027A895 /* Main.storyboard */ = {
			isa = PBXVariantGroup;
			children = (
				2CA886E81CC47C5E0027A895 /* Base */,
			);
			name = Main.storyboard;
			sourceTree = "<group>";
		};
		2CA886EC1CC47C5E0027A895 /* LaunchScreen.storyboard */ = {
			isa = PBXVariantGroup;
			children = (
				2CA886ED1CC47C5E0027A895 /* Base */,
			);
			name = LaunchScreen.storyboard;
			sourceTree = "<group>";
		};
/* End PBXVariantGroup section */

/* Begin XCBuildConfiguration section */
		2CA887061CC47C5E0027A895 /* Debug */ = {
			isa = XCBuildConfiguration;
			buildSettings = {
				ALWAYS_SEARCH_USER_PATHS = NO;
				CLANG_ANALYZER_NONNULL = YES;
				CLANG_CXX_LANGUAGE_STANDARD = "gnu++0x";
				CLANG_CXX_LIBRARY = "libc++";
				CLANG_ENABLE_MODULES = YES;
				CLANG_ENABLE_OBJC_ARC = YES;
				CLANG_WARN_BOOL_CONVERSION = YES;
				CLANG_WARN_CONSTANT_CONVERSION = YES;
				CLANG_WARN_DIRECT_OBJC_ISA_USAGE = YES_ERROR;
				CLANG_WARN_EMPTY_BODY = YES;
				CLANG_WARN_ENUM_CONVERSION = YES;
				CLANG_WARN_INT_CONVERSION = YES;
				CLANG_WARN_OBJC_ROOT_CLASS = YES_ERROR;
				CLANG_WARN_UNREACHABLE_CODE = YES;
				CLANG_WARN__DUPLICATE_METHOD_MATCH = YES;
				"CODE_SIGN_IDENTITY[sdk=iphoneos*]" = "iPhone Developer";
				COPY_PHASE_STRIP = NO;
				DEBUG_INFORMATION_FORMAT = dwarf;
				ENABLE_STRICT_OBJC_MSGSEND = YES;
				ENABLE_TESTABILITY = YES;
				GCC_C_LANGUAGE_STANDARD = gnu99;
				GCC_DYNAMIC_NO_PIC = NO;
				GCC_NO_COMMON_BLOCKS = YES;
				GCC_OPTIMIZATION_LEVEL = 0;
				GCC_PREPROCESSOR_DEFINITIONS = (
					"DEBUG=1",
					"$(inherited)",
				);
				GCC_WARN_64_TO_32_BIT_CONVERSION = YES;
				GCC_WARN_ABOUT_RETURN_TYPE = YES_ERROR;
				GCC_WARN_UNDECLARED_SELECTOR = YES;
				GCC_WARN_UNINITIALIZED_AUTOS = YES_AGGRESSIVE;
				GCC_WARN_UNUSED_FUNCTION = YES;
				GCC_WARN_UNUSED_VARIABLE = YES;
				IPHONEOS_DEPLOYMENT_TARGET = 9.3;
				MTL_ENABLE_DEBUG_INFO = YES;
				ONLY_ACTIVE_ARCH = YES;
				SDKROOT = iphoneos;
				SWIFT_OPTIMIZATION_LEVEL = "-Onone";
			};
			name = Debug;
		};
		2CA887071CC47C5E0027A895 /* Release */ = {
			isa = XCBuildConfiguration;
			buildSettings = {
				ALWAYS_SEARCH_USER_PATHS = NO;
				CLANG_ANALYZER_NONNULL = YES;
				CLANG_CXX_LANGUAGE_STANDARD = "gnu++0x";
				CLANG_CXX_LIBRARY = "libc++";
				CLANG_ENABLE_MODULES = YES;
				CLANG_ENABLE_OBJC_ARC = YES;
				CLANG_WARN_BOOL_CONVERSION = YES;
				CLANG_WARN_CONSTANT_CONVERSION = YES;
				CLANG_WARN_DIRECT_OBJC_ISA_USAGE = YES_ERROR;
				CLANG_WARN_EMPTY_BODY = YES;
				CLANG_WARN_ENUM_CONVERSION = YES;
				CLANG_WARN_INT_CONVERSION = YES;
				CLANG_WARN_OBJC_ROOT_CLASS = YES_ERROR;
				CLANG_WARN_UNREACHABLE_CODE = YES;
				CLANG_WARN__DUPLICATE_METHOD_MATCH = YES;
				"CODE_SIGN_IDENTITY[sdk=iphoneos*]" = "iPhone Developer";
				COPY_PHASE_STRIP = NO;
				DEBUG_INFORMATION_FORMAT = "dwarf-with-dsym";
				ENABLE_NS_ASSERTIONS = NO;
				ENABLE_STRICT_OBJC_MSGSEND = YES;
				GCC_C_LANGUAGE_STANDARD = gnu99;
				GCC_NO_COMMON_BLOCKS = YES;
				GCC_WARN_64_TO_32_BIT_CONVERSION = YES;
				GCC_WARN_ABOUT_RETURN_TYPE = YES_ERROR;
				GCC_WARN_UNDECLARED_SELECTOR = YES;
				GCC_WARN_UNINITIALIZED_AUTOS = YES_AGGRESSIVE;
				GCC_WARN_UNUSED_FUNCTION = YES;
				GCC_WARN_UNUSED_VARIABLE = YES;
				IPHONEOS_DEPLOYMENT_TARGET = 9.3;
				MTL_ENABLE_DEBUG_INFO = NO;
				SDKROOT = iphoneos;
				VALIDATE_PRODUCT = YES;
			};
			name = Release;
		};
		2CA887091CC47C5E0027A895 /* Debug */ = {
			isa = XCBuildConfiguration;
			buildSettings = {
				ASSETCATALOG_COMPILER_APPICON_NAME = AppIcon;
				INFOPLIST_FILE = MultithreadSample/Info.plist;
				LD_RUNPATH_SEARCH_PATHS = "$(inherited) @executable_path/Frameworks";
				PRODUCT_BUNDLE_IDENTIFIER = com.botai.MultithreadSample;
				PRODUCT_NAME = "$(TARGET_NAME)";
			};
			name = Debug;
		};
		2CA8870A1CC47C5E0027A895 /* Release */ = {
			isa = XCBuildConfiguration;
			buildSettings = {
				ASSETCATALOG_COMPILER_APPICON_NAME = AppIcon;
				INFOPLIST_FILE = MultithreadSample/Info.plist;
				LD_RUNPATH_SEARCH_PATHS = "$(inherited) @executable_path/Frameworks";
				PRODUCT_BUNDLE_IDENTIFIER = com.botai.MultithreadSample;
				PRODUCT_NAME = "$(TARGET_NAME)";
			};
			name = Release;
		};
		2CA8870C1CC47C5E0027A895 /* Debug */ = {
			isa = XCBuildConfiguration;
			buildSettings = {
				BUNDLE_LOADER = "$(TEST_HOST)";
				INFOPLIST_FILE = MultithreadSampleTests/Info.plist;
				LD_RUNPATH_SEARCH_PATHS = "$(inherited) @executable_path/Frameworks @loader_path/Frameworks";
				PRODUCT_BUNDLE_IDENTIFIER = com.botai.MultithreadSampleTests;
				PRODUCT_NAME = "$(TARGET_NAME)";
				TEST_HOST = "$(BUILT_PRODUCTS_DIR)/MultithreadSample.app/MultithreadSample";
			};
			name = Debug;
		};
		2CA8870D1CC47C5E0027A895 /* Release */ = {
			isa = XCBuildConfiguration;
			buildSettings = {
				BUNDLE_LOADER = "$(TEST_HOST)";
				INFOPLIST_FILE = MultithreadSampleTests/Info.plist;
				LD_RUNPATH_SEARCH_PATHS = "$(inherited) @executable_path/Frameworks @loader_path/Frameworks";
				PRODUCT_BUNDLE_IDENTIFIER = com.botai.MultithreadSampleTests;
				PRODUCT_NAME = "$(TARGET_NAME)";
				TEST_HOST = "$(BUILT_PRODUCTS_DIR)/MultithreadSample.app/MultithreadSample";
			};
			name = Release;
		};
		2CA8870F1CC47C5E0027A895 /* Debug */ = {
			isa = XCBuildConfiguration;
			buildSettings = {
				INFOPLIST_FILE = MultithreadSampleUITests/Info.plist;
				LD_RUNPATH_SEARCH_PATHS = "$(inherited) @executable_path/Frameworks @loader_path/Frameworks";
				PRODUCT_BUNDLE_IDENTIFIER = com.botai.MultithreadSampleUITests;
				PRODUCT_NAME = "$(TARGET_NAME)";
				TEST_TARGET_NAME = MultithreadSample;
			};
			name = Debug;
		};
		2CA887101CC47C5E0027A895 /* Release */ = {
			isa = XCBuildConfiguration;
			buildSettings = {
				INFOPLIST_FILE = MultithreadSampleUITests/Info.plist;
				LD_RUNPATH_SEARCH_PATHS = "$(inherited) @executable_path/Frameworks @loader_path/Frameworks";
				PRODUCT_BUNDLE_IDENTIFIER = com.botai.MultithreadSampleUITests;
				PRODUCT_NAME = "$(TARGET_NAME)";
				TEST_TARGET_NAME = MultithreadSample;
			};
			name = Release;
		};
/* End XCBuildConfiguration section */

/* Begin XCConfigurationList section */
		2CA886DB1CC47C5E0027A895 /* Build configuration list for PBXProject "MultithreadSample" */ = {
			isa = XCConfigurationList;
			buildConfigurations = (
				2CA887061CC47C5E0027A895 /* Debug */,
				2CA887071CC47C5E0027A895 /* Release */,
			);
			defaultConfigurationIsVisible = 0;
			defaultConfigurationName = Release;
		};
		2CA887081CC47C5E0027A895 /* Build configuration list for PBXNativeTarget "MultithreadSample" */ = {
			isa = XCConfigurationList;
			buildConfigurations = (
				2CA887091CC47C5E0027A895 /* Debug */,
				2CA8870A1CC47C5E0027A895 /* Release */,
			);
			defaultConfigurationIsVisible = 0;
		};
		2CA8870B1CC47C5E0027A895 /* Build configuration list for PBXNativeTarget "MultithreadSampleTests" */ = {
			isa = XCConfigurationList;
			buildConfigurations = (
				2CA8870C1CC47C5E0027A895 /* Debug */,
				2CA8870D1CC47C5E0027A895 /* Release */,
			);
			defaultConfigurationIsVisible = 0;
		};
		2CA8870E1CC47C5E0027A895 /* Build configuration list for PBXNativeTarget "MultithreadSampleUITests" */ = {
			isa = XCConfigurationList;
			buildConfigurations = (
				2CA8870F1CC47C5E0027A895 /* Debug */,
				2CA887101CC47C5E0027A895 /* Release */,
			);
			defaultConfigurationIsVisible = 0;
		};
/* End XCConfigurationList section */
	};
	rootObject = 2CA886D81CC47C5E0027A895 /* Project object */;
}
